
Microsoft Visual Studio Solution File, Format Version 12.00
# Visual Studio Version 16
VisualStudioVersion = 16.0.30803.129
MinimumVisualStudioVersion = 10.0.40219.1
Project("{9A19103F-16F7-4668-BE54-9A1E7A4F7556}") = "NotesWebAPI", "NotesWebAPI\NotesWebAPI.csproj", "{92DB37CF-3D59-4E23-BB7F-85EC91A64DAB}"
EndProject
Project("{9A19103F-16F7-4668-BE54-9A1E7A4F7556}") = "Notes.DB", "Notes.DB\Notes.DB.csproj", "{7B75605B-0E07-4E24-92AE-E9E179F35F70}"
EndProject
Project("{FAE04EC0-301F-11D3-BF4B-00C04F79EFBC}") = "Notes.Core", "Notes.Core\Notes.Core.csproj", "{431457D8-E2D1-4907-AB43-6156E664BE18}"
EndProject
Global
	GlobalSection(SolutionConfigurationPlatforms) = preSolution
		Debug|Any CPU = Debug|Any CPU
		Release|Any CPU = Release|Any CPU
	EndGlobalSection
	GlobalSection(ProjectConfigurationPlatforms) = postSolution
		{92DB37CF-3D59-4E23-BB7F-85EC91A64DAB}.Debug|Any CPU.ActiveCfg = Debug|Any CPU
		{92DB37CF-3D59-4E23-BB7F-85EC91A64DAB}.Debug|Any CPU.Build.0 = Debug|Any CPU
		{92DB37CF-3D59-4E23-BB7F-85EC91A64DAB}.Release|Any CPU.ActiveCfg = Release|Any CPU
		{92DB37CF-3D59-4E23-BB7F-85EC91A64DAB}.Release|Any CPU.Build.0 = Release|Any CPU
		{7B75605B-0E07-4E24-92AE-E9E179F35F70}.Debug|Any CPU.ActiveCfg = Debug|Any CPU
		{7B75605B-0E07-4E24-92AE-E9E179F35F70}.Debug|Any CPU.Build.0 = Debug|Any CPU
		{7B75605B-0E07-4E24-92AE-E9E179F35F70}.Release|Any CPU.ActiveCfg = Release|Any CPU
		{7B75605B-0E07-4E24-92AE-E9E179F35F70}.Release|Any CPU.Build.0 = Release|Any CPU
		{431457D8-E2D1-4907-AB43-6156E664BE18}.Debug|Any CPU.ActiveCfg = Debug|Any CPU
		{431457D8-E2D1-4907-AB43-6156E664BE18}.Debug|Any CPU.Build.0 = Debug|Any CPU
		{431457D8-E2D1-4907-AB43-6156E664BE18}.Release|Any CPU.ActiveCfg = Release|Any CPU
		{431457D8-E2D1-4907-AB43-6156E664BE18}.Release|Any CPU.Build.0 = Release|Any CPU
	EndGlobalSection
	GlobalSection(SolutionProperties) = preSolution
		HideSolutionNode = FALSE
	EndGlobalSection
	GlobalSection(ExtensibilityGlobals) = postSolution
		SolutionGuid = {2E9D85D0-360A-4531-9D22-7B4E1EA00463}
	EndGlobalSection
EndGlobal
